
Microsoft Visual Studio Solution File, Format Version 12.00
# Visual Studio 15
VisualStudioVersion = 15.0.26730.8
MinimumVisualStudioVersion = 10.0.40219.1
Project("{FAE04EC0-301F-11D3-BF4B-00C04F79EFBC}") = "BossMandadosWeb Job", "BossMandadosWeb Job\BossMandadosWeb Job.csproj", "{378ED547-897C-466F-83E7-79F5E327A94C}"
EndProject
Global
	GlobalSection(SolutionConfigurationPlatforms) = preSolution
		Debug|Any CPU = Debug|Any CPU
		Release|Any CPU = Release|Any CPU
	EndGlobalSection
	GlobalSection(ProjectConfigurationPlatforms) = postSolution
		{378ED547-897C-466F-83E7-79F5E327A94C}.Debug|Any CPU.ActiveCfg = Debug|Any CPU
		{378ED547-897C-466F-83E7-79F5E327A94C}.Debug|Any CPU.Build.0 = Debug|Any CPU
		{378ED547-897C-466F-83E7-79F5E327A94C}.Release|Any CPU.ActiveCfg = Release|Any CPU
		{378ED547-897C-466F-83E7-79F5E327A94C}.Release|Any CPU.Build.0 = Release|Any CPU
	EndGlobalSection
	GlobalSection(SolutionProperties) = preSolution
		HideSolutionNode = FALSE
	EndGlobalSection
	GlobalSection(ExtensibilityGlobals) = postSolution
		SolutionGuid = {BB31A516-8F81-4A65-93F9-71B9AA49499F}
	EndGlobalSection
EndGlobal
